
Microsoft Visual Studio Solution File, Format Version 12.00
# Visual Studio Version 16
VisualStudioVersion = 16.0.30523.141
MinimumVisualStudioVersion = 10.0.40219.1
Project("{FAE04EC0-301F-11D3-BF4B-00C04F79EFBC}") = "Timer.Android", "Timer\Timer.Android\Timer.Android.csproj", "{1AE9A430-04C9-4D73-B573-37578FEF07B2}"
EndProject
Project("{FAE04EC0-301F-11D3-BF4B-00C04F79EFBC}") = "Timer.iOS", "Timer\Timer.iOS\Timer.iOS.csproj", "{114E29FC-7B60-41CB-A671-DE6E74C2F819}"
EndProject
Project("{FAE04EC0-301F-11D3-BF4B-00C04F79EFBC}") = "Timer", "Timer\Timer\Timer.csproj", "{05A49541-E22D-4DE1-A8B9-CA69C12FAE30}"
EndProject
Global
	GlobalSection(SolutionConfigurationPlatforms) = preSolution
		Debug|Any CPU = Debug|Any CPU
		Debug|iPhone = Debug|iPhone
		Debug|iPhoneSimulator = Debug|iPhoneSimulator
		Release|Any CPU = Release|Any CPU
		Release|iPhone = Release|iPhone
		Release|iPhoneSimulator = Release|iPhoneSimulator
	EndGlobalSection
	GlobalSection(ProjectConfigurationPlatforms) = postSolution
		{1AE9A430-04C9-4D73-B573-37578FEF07B2}.Debug|Any CPU.ActiveCfg = Debug|Any CPU
		{1AE9A430-04C9-4D73-B573-37578FEF07B2}.Debug|Any CPU.Build.0 = Debug|Any CPU
		{1AE9A430-04C9-4D73-B573-37578FEF07B2}.Debug|Any CPU.Deploy.0 = Debug|Any CPU
		{1AE9A430-04C9-4D73-B573-37578FEF07B2}.Debug|iPhone.ActiveCfg = Debug|Any CPU
		{1AE9A430-04C9-4D73-B573-37578FEF07B2}.Debug|iPhone.Build.0 = Debug|Any CPU
		{1AE9A430-04C9-4D73-B573-37578FEF07B2}.Debug|iPhone.Deploy.0 = Debug|Any CPU
		{1AE9A430-04C9-4D73-B573-37578FEF07B2}.Debug|iPhoneSimulator.ActiveCfg = Debug|Any CPU
		{1AE9A430-04C9-4D73-B573-37578FEF07B2}.Debug|iPhoneSimulator.Build.0 = Debug|Any CPU
		{1AE9A430-04C9-4D73-B573-37578FEF07B2}.Debug|iPhoneSimulator.Deploy.0 = Debug|Any CPU
		{1AE9A430-04C9-4D73-B573-37578FEF07B2}.Release|Any CPU.ActiveCfg = Release|Any CPU
		{1AE9A430-04C9-4D73-B573-37578FEF07B2}.Release|Any CPU.Build.0 = Release|Any CPU
		{1AE9A430-04C9-4D73-B573-37578FEF07B2}.Release|Any CPU.Deploy.0 = Release|Any CPU
		{1AE9A430-04C9-4D73-B573-37578FEF07B2}.Release|iPhone.ActiveCfg = Release|Any CPU
		{1AE9A430-04C9-4D73-B573-37578FEF07B2}.Release|iPhone.Build.0 = Release|Any CPU
		{1AE9A430-04C9-4D73-B573-37578FEF07B2}.Release|iPhone.Deploy.0 = Release|Any CPU
		{1AE9A430-04C9-4D73-B573-37578FEF07B2}.Release|iPhoneSimulator.ActiveCfg = Release|Any CPU
		{1AE9A430-04C9-4D73-B573-37578FEF07B2}.Release|iPhoneSimulator.Build.0 = Release|Any CPU
		{1AE9A430-04C9-4D73-B573-37578FEF07B2}.Release|iPhoneSimulator.Deploy.0 = Release|Any CPU
		{114E29FC-7B60-41CB-A671-DE6E74C2F819}.Debug|Any CPU.ActiveCfg = Debug|iPhone
		{114E29FC-7B60-41CB-A671-DE6E74C2F819}.Debug|Any CPU.Build.0 = Debug|iPhone
		{114E29FC-7B60-41CB-A671-DE6E74C2F819}.Debug|Any CPU.Deploy.0 = Debug|iPhone
		{114E29FC-7B60-41CB-A671-DE6E74C2F819}.Debug|iPhone.ActiveCfg = Debug|iPhone
		{114E29FC-7B60-41CB-A671-DE6E74C2F819}.Debug|iPhone.Build.0 = Debug|iPhone
		{114E29FC-7B60-41CB-A671-DE6E74C2F819}.Debug|iPhone.Deploy.0 = Debug|iPhone
		{114E29FC-7B60-41CB-A671-DE6E74C2F819}.Debug|iPhoneSimulator.ActiveCfg = Debug|iPhoneSimulator
		{114E29FC-7B60-41CB-A671-DE6E74C2F819}.Debug|iPhoneSimulator.Build.0 = Debug|iPhoneSimulator
		{114E29FC-7B60-41CB-A671-DE6E74C2F819}.Debug|iPhoneSimulator.Deploy.0 = Debug|iPhoneSimulator
		{114E29FC-7B60-41CB-A671-DE6E74C2F819}.Release|Any CPU.ActiveCfg = Release|iPhoneSimulator
		{114E29FC-7B60-41CB-A671-DE6E74C2F819}.Release|Any CPU.Build.0 = Release|iPhoneSimulator
		{114E29FC-7B60-41CB-A671-DE6E74C2F819}.Release|Any CPU.Deploy.0 = Release|iPhoneSimulator
		{114E29FC-7B60-41CB-A671-DE6E74C2F819}.Release|iPhone.ActiveCfg = Release|iPhone
		{114E29FC-7B60-41CB-A671-DE6E74C2F819}.Release|iPhone.Build.0 = Release|iPhone
		{114E29FC-7B60-41CB-A671-DE6E74C2F819}.Release|iPhone.Deploy.0 = Release|iPhone
		{114E29FC-7B60-41CB-A671-DE6E74C2F819}.Release|iPhoneSimulator.ActiveCfg = Release|iPhoneSimulator
		{114E29FC-7B60-41CB-A671-DE6E74C2F819}.Release|iPhoneSimulator.Build.0 = Release|iPhoneSimulator
		{114E29FC-7B60-41CB-A671-DE6E74C2F819}.Release|iPhoneSimulator.Deploy.0 = Release|iPhoneSimulator
		{05A49541-E22D-4DE1-A8B9-CA69C12FAE30}.Debug|Any CPU.ActiveCfg = Debug|Any CPU
		{05A49541-E22D-4DE1-A8B9-CA69C12FAE30}.Debug|Any CPU.Build.0 = Debug|Any CPU
		{05A49541-E22D-4DE1-A8B9-CA69C12FAE30}.Debug|Any CPU.Deploy.0 = Debug|Any CPU
		{05A49541-E22D-4DE1-A8B9-CA69C12FAE30}.Debug|iPhone.ActiveCfg = Debug|Any CPU
		{05A49541-E22D-4DE1-A8B9-CA69C12FAE30}.Debug|iPhone.Build.0 = Debug|Any CPU
		{05A49541-E22D-4DE1-A8B9-CA69C12FAE30}.Debug|iPhone.Deploy.0 = Debug|Any CPU
		{05A49541-E22D-4DE1-A8B9-CA69C12FAE30}.Debug|iPhoneSimulator.ActiveCfg = Debug|Any CPU
		{05A49541-E22D-4DE1-A8B9-CA69C12FAE30}.Debug|iPhoneSimulator.Build.0 = Debug|Any CPU
		{05A49541-E22D-4DE1-A8B9-CA69C12FAE30}.Debug|iPhoneSimulator.Deploy.0 = Debug|Any CPU
		{05A49541-E22D-4DE1-A8B9-CA69C12FAE30}.Release|Any CPU.ActiveCfg = Release|Any CPU
		{05A49541-E22D-4DE1-A8B9-CA69C12FAE30}.Release|Any CPU.Build.0 = Release|Any CPU
		{05A49541-E22D-4DE1-A8B9-CA69C12FAE30}.Release|Any CPU.Deploy.0 = Release|Any CPU
		{05A49541-E22D-4DE1-A8B9-CA69C12FAE30}.Release|iPhone.ActiveCfg = Release|Any CPU
		{05A49541-E22D-4DE1-A8B9-CA69C12FAE30}.Release|iPhone.Build.0 = Release|Any CPU
		{05A49541-E22D-4DE1-A8B9-CA69C12FAE30}.Release|iPhone.Deploy.0 = Release|Any CPU
		{05A49541-E22D-4DE1-A8B9-CA69C12FAE30}.Release|iPhoneSimulator.ActiveCfg = Release|Any CPU
		{05A49541-E22D-4DE1-A8B9-CA69C12FAE30}.Release|iPhoneSimulator.Build.0 = Release|Any CPU
		{05A49541-E22D-4DE1-A8B9-CA69C12FAE30}.Release|iPhoneSimulator.Deploy.0 = Release|Any CPU
	EndGlobalSection
	GlobalSection(SolutionProperties) = preSolution
		HideSolutionNode = FALSE
	EndGlobalSection
	GlobalSection(ExtensibilityGlobals) = postSolution
		SolutionGuid = {FB5BB0A8-E449-4A3C-B07B-8E08DBE57B89}
	EndGlobalSection
EndGlobal
